
Microsoft Visual Studio Solution File, Format Version 12.00
# Visual Studio Version 17
VisualStudioVersion = 17.13.35818.85 d17.13
MinimumVisualStudioVersion = 10.0.40219.1
Project("{FAE04EC0-301F-11D3-BF4B-00C04F79EFBC}") = "лаб 4 2 завдання", "лаб 4 2 завдання\лаб 4 2 завдання.csproj", "{DC3EF2AF-9F33-47DC-87EA-387DF337C2BF}"
EndProject
Global
	GlobalSection(SolutionConfigurationPlatforms) = preSolution
		Debug|Any CPU = Debug|Any CPU
		Release|Any CPU = Release|Any CPU
	EndGlobalSection
	GlobalSection(ProjectConfigurationPlatforms) = postSolution
		{DC3EF2AF-9F33-47DC-87EA-387DF337C2BF}.Debug|Any CPU.ActiveCfg = Debug|Any CPU
		{DC3EF2AF-9F33-47DC-87EA-387DF337C2BF}.Debug|Any CPU.Build.0 = Debug|Any CPU
		{DC3EF2AF-9F33-47DC-87EA-387DF337C2BF}.Release|Any CPU.ActiveCfg = Release|Any CPU
		{DC3EF2AF-9F33-47DC-87EA-387DF337C2BF}.Release|Any CPU.Build.0 = Release|Any CPU
	EndGlobalSection
	GlobalSection(SolutionProperties) = preSolution
		HideSolutionNode = FALSE
	EndGlobalSection
	GlobalSection(ExtensibilityGlobals) = postSolution
		SolutionGuid = {002B1C78-D049-42DA-9B23-0B193C6F897F}
	EndGlobalSection
EndGlobal
