
Microsoft Visual Studio Solution File, Format Version 12.00
# Visual Studio Version 17
VisualStudioVersion = 17.13.35818.85 d17.13
MinimumVisualStudioVersion = 10.0.40219.1
Project("{FAE04EC0-301F-11D3-BF4B-00C04F79EFBC}") = "лаб 1 завдання 6", "лаб 1 завдання 6\лаб 1 завдання 6.csproj", "{9229F440-26A6-44BC-957E-9722A2FCF1C1}"
EndProject
Global
	GlobalSection(SolutionConfigurationPlatforms) = preSolution
		Debug|Any CPU = Debug|Any CPU
		Release|Any CPU = Release|Any CPU
	EndGlobalSection
	GlobalSection(ProjectConfigurationPlatforms) = postSolution
		{9229F440-26A6-44BC-957E-9722A2FCF1C1}.Debug|Any CPU.ActiveCfg = Debug|Any CPU
		{9229F440-26A6-44BC-957E-9722A2FCF1C1}.Debug|Any CPU.Build.0 = Debug|Any CPU
		{9229F440-26A6-44BC-957E-9722A2FCF1C1}.Release|Any CPU.ActiveCfg = Release|Any CPU
		{9229F440-26A6-44BC-957E-9722A2FCF1C1}.Release|Any CPU.Build.0 = Release|Any CPU
	EndGlobalSection
	GlobalSection(SolutionProperties) = preSolution
		HideSolutionNode = FALSE
	EndGlobalSection
	GlobalSection(ExtensibilityGlobals) = postSolution
		SolutionGuid = {4E6EA286-7C04-40DC-B120-BD3720053943}
	EndGlobalSection
EndGlobal
