
Microsoft Visual Studio Solution File, Format Version 12.00
# Visual Studio Version 17
VisualStudioVersion = 17.13.35818.85 d17.13
MinimumVisualStudioVersion = 10.0.40219.1
Project("{FAE04EC0-301F-11D3-BF4B-00C04F79EFBC}") = "лаб 1 завдання 3", "лаб 1 завдання 3\лаб 1 завдання 3.csproj", "{3E12A53D-6852-4AC4-B40C-BD531C00F595}"
EndProject
Global
	GlobalSection(SolutionConfigurationPlatforms) = preSolution
		Debug|Any CPU = Debug|Any CPU
		Release|Any CPU = Release|Any CPU
	EndGlobalSection
	GlobalSection(ProjectConfigurationPlatforms) = postSolution
		{3E12A53D-6852-4AC4-B40C-BD531C00F595}.Debug|Any CPU.ActiveCfg = Debug|Any CPU
		{3E12A53D-6852-4AC4-B40C-BD531C00F595}.Debug|Any CPU.Build.0 = Debug|Any CPU
		{3E12A53D-6852-4AC4-B40C-BD531C00F595}.Release|Any CPU.ActiveCfg = Release|Any CPU
		{3E12A53D-6852-4AC4-B40C-BD531C00F595}.Release|Any CPU.Build.0 = Release|Any CPU
	EndGlobalSection
	GlobalSection(SolutionProperties) = preSolution
		HideSolutionNode = FALSE
	EndGlobalSection
	GlobalSection(ExtensibilityGlobals) = postSolution
		SolutionGuid = {636D6D7F-D39C-4E18-80B3-42D70CB9BC61}
	EndGlobalSection
EndGlobal
